
Microsoft Visual Studio Solution File, Format Version 12.00
# Visual Studio Version 16
VisualStudioVersion = 16.0.33801.447
MinimumVisualStudioVersion = 10.0.40219.1
Project("{FAE04EC0-301F-11D3-BF4B-00C04F79EFBC}") = "Sub_Project", "Sub_Project\Sub_Project.csproj", "{67783CAD-98A1-473A-B8EB-D4DFAF45A1A7}"
EndProject
Global
	GlobalSection(SolutionConfigurationPlatforms) = preSolution
		Debug|Any CPU = Debug|Any CPU
		Release|Any CPU = Release|Any CPU
	EndGlobalSection
	GlobalSection(ProjectConfigurationPlatforms) = postSolution
		{67783CAD-98A1-473A-B8EB-D4DFAF45A1A7}.Debug|Any CPU.ActiveCfg = Debug|Any CPU
		{67783CAD-98A1-473A-B8EB-D4DFAF45A1A7}.Debug|Any CPU.Build.0 = Debug|Any CPU
		{67783CAD-98A1-473A-B8EB-D4DFAF45A1A7}.Release|Any CPU.ActiveCfg = Release|Any CPU
		{67783CAD-98A1-473A-B8EB-D4DFAF45A1A7}.Release|Any CPU.Build.0 = Release|Any CPU
	EndGlobalSection
	GlobalSection(SolutionProperties) = preSolution
		HideSolutionNode = FALSE
	EndGlobalSection
	GlobalSection(ExtensibilityGlobals) = postSolution
		SolutionGuid = {DDFF6D4D-EC5D-4E65-AC90-04B02FC4BB24}
	EndGlobalSection
EndGlobal
